
Microsoft Visual Studio Solution File, Format Version 12.00
# Visual Studio Version 17
VisualStudioVersion = 17.11.35312.102
MinimumVisualStudioVersion = 10.0.40219.1
Project("{9A19103F-16F7-4668-BE54-9A1E7A4F7556}") = "YamlTreeEditorControl", "YamlTreeEditorControl\YamlTreeEditorControl.csproj", "{CBE27BA2-A7E1-4A1F-923F-B783D79351DB}"
EndProject
Project("{9A19103F-16F7-4668-BE54-9A1E7A4F7556}") = "YamlTreeEditorTestApp", "YamlTreeEditorTestApp\YamlTreeEditorTestApp.csproj", "{2BD68EA2-0BB0-49FD-81BD-B195A438F6D8}"
EndProject
Global
	GlobalSection(SolutionConfigurationPlatforms) = preSolution
		Debug|Any CPU = Debug|Any CPU
		Release|Any CPU = Release|Any CPU
	EndGlobalSection
	GlobalSection(ProjectConfigurationPlatforms) = postSolution
		{CBE27BA2-A7E1-4A1F-923F-B783D79351DB}.Debug|Any CPU.ActiveCfg = Debug|Any CPU
		{CBE27BA2-A7E1-4A1F-923F-B783D79351DB}.Debug|Any CPU.Build.0 = Debug|Any CPU
		{CBE27BA2-A7E1-4A1F-923F-B783D79351DB}.Release|Any CPU.ActiveCfg = Release|Any CPU
		{CBE27BA2-A7E1-4A1F-923F-B783D79351DB}.Release|Any CPU.Build.0 = Release|Any CPU
		{2BD68EA2-0BB0-49FD-81BD-B195A438F6D8}.Debug|Any CPU.ActiveCfg = Debug|Any CPU
		{2BD68EA2-0BB0-49FD-81BD-B195A438F6D8}.Debug|Any CPU.Build.0 = Debug|Any CPU
		{2BD68EA2-0BB0-49FD-81BD-B195A438F6D8}.Release|Any CPU.ActiveCfg = Release|Any CPU
		{2BD68EA2-0BB0-49FD-81BD-B195A438F6D8}.Release|Any CPU.Build.0 = Release|Any CPU
	EndGlobalSection
	GlobalSection(SolutionProperties) = preSolution
		HideSolutionNode = FALSE
	EndGlobalSection
	GlobalSection(ExtensibilityGlobals) = postSolution
		SolutionGuid = {B4EFC413-124A-401F-A90F-9FCACA85F83C}
	EndGlobalSection
EndGlobal
